
Microsoft Visual Studio Solution File, Format Version 12.00
# Visual Studio Version 18
VisualStudioVersion = 18.6.11822.322 stable
MinimumVisualStudioVersion = 10.0.40219.1
Project("{FAE04EC0-301F-11D3-BF4B-00C04F79EFBC}") = "TUP.MateriasMVC", "TUP.MateriasMVC.csproj", "{6637B475-E504-CAF5-404B-770BF7CB8946}"
EndProject
Global
	GlobalSection(SolutionConfigurationPlatforms) = preSolution
		Debug|Any CPU = Debug|Any CPU
		Release|Any CPU = Release|Any CPU
	EndGlobalSection
	GlobalSection(ProjectConfigurationPlatforms) = postSolution
		{6637B475-E504-CAF5-404B-770BF7CB8946}.Debug|Any CPU.ActiveCfg = Debug|Any CPU
		{6637B475-E504-CAF5-404B-770BF7CB8946}.Debug|Any CPU.Build.0 = Debug|Any CPU
		{6637B475-E504-CAF5-404B-770BF7CB8946}.Release|Any CPU.ActiveCfg = Release|Any CPU
		{6637B475-E504-CAF5-404B-770BF7CB8946}.Release|Any CPU.Build.0 = Release|Any CPU
	EndGlobalSection
	GlobalSection(SolutionProperties) = preSolution
		HideSolutionNode = FALSE
	EndGlobalSection
	GlobalSection(ExtensibilityGlobals) = postSolution
		SolutionGuid = {F02614FC-1A7C-4F9F-8368-05C597D295F1}
	EndGlobalSection
EndGlobal
